
Microsoft Visual Studio Solution File, Format Version 12.00
# Visual Studio Version 16
VisualStudioVersion = 16.0.29215.179
MinimumVisualStudioVersion = 10.0.40219.1
Project("{FAE04EC0-301F-11D3-BF4B-00C04F79EFBC}") = "XIVLauncher", "XIVLauncher\XIVLauncher.csproj", "{BEB33308-6E15-41F7-ACC8-86BB786E2E56}"
EndProject
Project("{FAE04EC0-301F-11D3-BF4B-00C04F79EFBC}") = "Nhaama.Memory", "lib\Nhaama\Nhaama.Memory\Nhaama.Memory.csproj", "{933935A7-8D04-42E8-AEE5-122B3AEED820}"
EndProject
Project("{FAE04EC0-301F-11D3-BF4B-00C04F79EFBC}") = "Nhaama.FFXIV", "lib\Nhaama\Nhaama.FFXIV\Nhaama.FFXIV.csproj", "{AF6E37BD-4598-4194-945B-C8F6EE9309FE}"
EndProject
Project("{FAE04EC0-301F-11D3-BF4B-00C04F79EFBC}") = "LocBamlToLocalizable", "LocBamlToLocalizable\LocBamlToLocalizable.csproj", "{EB8161D8-688B-4132-A15B-2E0D7600CD1B}"
EndProject
Project("{FAE04EC0-301F-11D3-BF4B-00C04F79EFBC}") = "XIVLauncher.PatchInstaller", "XIVLauncher.PatchInstaller\XIVLauncher.PatchInstaller.csproj", "{395CDFAB-48F8-4EC5-833D-05F5795A157D}"
EndProject
Global
	GlobalSection(SolutionConfigurationPlatforms) = preSolution
		Debug|Any CPU = Debug|Any CPU
		Debug|x64 = Debug|x64
		Release|Any CPU = Release|Any CPU
		Release|x64 = Release|x64
	EndGlobalSection
	GlobalSection(ProjectConfigurationPlatforms) = postSolution
		{BEB33308-6E15-41F7-ACC8-86BB786E2E56}.Debug|Any CPU.ActiveCfg = Debug|Any CPU
		{BEB33308-6E15-41F7-ACC8-86BB786E2E56}.Debug|Any CPU.Build.0 = Debug|Any CPU
		{BEB33308-6E15-41F7-ACC8-86BB786E2E56}.Debug|x64.ActiveCfg = Debug|Any CPU
		{BEB33308-6E15-41F7-ACC8-86BB786E2E56}.Debug|x64.Build.0 = Debug|Any CPU
		{BEB33308-6E15-41F7-ACC8-86BB786E2E56}.Release|Any CPU.ActiveCfg = Release|Any CPU
		{BEB33308-6E15-41F7-ACC8-86BB786E2E56}.Release|Any CPU.Build.0 = Release|Any CPU
		{BEB33308-6E15-41F7-ACC8-86BB786E2E56}.Release|x64.ActiveCfg = Release|Any CPU
		{BEB33308-6E15-41F7-ACC8-86BB786E2E56}.Release|x64.Build.0 = Release|Any CPU
		{933935A7-8D04-42E8-AEE5-122B3AEED820}.Debug|Any CPU.ActiveCfg = Debug|Any CPU
		{933935A7-8D04-42E8-AEE5-122B3AEED820}.Debug|Any CPU.Build.0 = Debug|Any CPU
		{933935A7-8D04-42E8-AEE5-122B3AEED820}.Debug|x64.ActiveCfg = Debug|x64
		{933935A7-8D04-42E8-AEE5-122B3AEED820}.Debug|x64.Build.0 = Debug|x64
		{933935A7-8D04-42E8-AEE5-122B3AEED820}.Release|Any CPU.ActiveCfg = Release|Any CPU
		{933935A7-8D04-42E8-AEE5-122B3AEED820}.Release|Any CPU.Build.0 = Release|Any CPU
		{933935A7-8D04-42E8-AEE5-122B3AEED820}.Release|x64.ActiveCfg = Release|x64
		{933935A7-8D04-42E8-AEE5-122B3AEED820}.Release|x64.Build.0 = Release|x64
		{AF6E37BD-4598-4194-945B-C8F6EE9309FE}.Debug|Any CPU.ActiveCfg = Debug|Any CPU
		{AF6E37BD-4598-4194-945B-C8F6EE9309FE}.Debug|Any CPU.Build.0 = Debug|Any CPU
		{AF6E37BD-4598-4194-945B-C8F6EE9309FE}.Debug|x64.ActiveCfg = Debug|x64
		{AF6E37BD-4598-4194-945B-C8F6EE9309FE}.Debug|x64.Build.0 = Debug|x64
		{AF6E37BD-4598-4194-945B-C8F6EE9309FE}.Release|Any CPU.ActiveCfg = Release|Any CPU
		{AF6E37BD-4598-4194-945B-C8F6EE9309FE}.Release|Any CPU.Build.0 = Release|Any CPU
		{AF6E37BD-4598-4194-945B-C8F6EE9309FE}.Release|x64.ActiveCfg = Release|x64
		{AF6E37BD-4598-4194-945B-C8F6EE9309FE}.Release|x64.Build.0 = Release|x64
		{EB8161D8-688B-4132-A15B-2E0D7600CD1B}.Debug|Any CPU.ActiveCfg = Debug|Any CPU
		{EB8161D8-688B-4132-A15B-2E0D7600CD1B}.Debug|Any CPU.Build.0 = Debug|Any CPU
		{EB8161D8-688B-4132-A15B-2E0D7600CD1B}.Debug|x64.ActiveCfg = Debug|Any CPU
		{EB8161D8-688B-4132-A15B-2E0D7600CD1B}.Debug|x64.Build.0 = Debug|Any CPU
		{EB8161D8-688B-4132-A15B-2E0D7600CD1B}.Release|Any CPU.ActiveCfg = Release|Any CPU
		{EB8161D8-688B-4132-A15B-2E0D7600CD1B}.Release|Any CPU.Build.0 = Release|Any CPU
		{EB8161D8-688B-4132-A15B-2E0D7600CD1B}.Release|x64.ActiveCfg = Release|Any CPU
		{EB8161D8-688B-4132-A15B-2E0D7600CD1B}.Release|x64.Build.0 = Release|Any CPU
		{395CDFAB-48F8-4EC5-833D-05F5795A157D}.Debug|Any CPU.ActiveCfg = Debug|Any CPU
		{395CDFAB-48F8-4EC5-833D-05F5795A157D}.Debug|Any CPU.Build.0 = Debug|Any CPU
		{395CDFAB-48F8-4EC5-833D-05F5795A157D}.Debug|x64.ActiveCfg = Debug|Any CPU
		{395CDFAB-48F8-4EC5-833D-05F5795A157D}.Debug|x64.Build.0 = Debug|Any CPU
		{395CDFAB-48F8-4EC5-833D-05F5795A157D}.Release|Any CPU.ActiveCfg = Release|Any CPU
		{395CDFAB-48F8-4EC5-833D-05F5795A157D}.Release|Any CPU.Build.0 = Release|Any CPU
		{395CDFAB-48F8-4EC5-833D-05F5795A157D}.Release|x64.ActiveCfg = Release|Any CPU
		{395CDFAB-48F8-4EC5-833D-05F5795A157D}.Release|x64.Build.0 = Release|Any CPU
	EndGlobalSection
	GlobalSection(SolutionProperties) = preSolution
		HideSolutionNode = FALSE
	EndGlobalSection
	GlobalSection(ExtensibilityGlobals) = postSolution
		SolutionGuid = {D891D6DF-EE64-48EE-9EFD-EB78412638E3}
	EndGlobalSection
EndGlobal
