
Microsoft Visual Studio Solution File, Format Version 12.00
# Visual Studio 15
VisualStudioVersion = 15.0.28307.168
MinimumVisualStudioVersion = 10.0.40219.1
Project("{FAE04EC0-301F-11D3-BF4B-00C04F79EFBC}") = "XIVLauncher", "XIVLauncher\XIVLauncher.csproj", "{BEB33308-6E15-41F7-ACC8-86BB786E2E56}"
EndProject
Project("{FAE04EC0-301F-11D3-BF4B-00C04F79EFBC}") = "Nhaama.Memory", "lib\Nhaama\Nhaama.Memory\Nhaama.Memory.csproj", "{933935A7-8D04-42E8-AEE5-122B3AEED820}"
EndProject
Global
	GlobalSection(SolutionConfigurationPlatforms) = preSolution
		Debug|Any CPU = Debug|Any CPU
		Debug|x64 = Debug|x64
		Release|Any CPU = Release|Any CPU
		Release|x64 = Release|x64
	EndGlobalSection
	GlobalSection(ProjectConfigurationPlatforms) = postSolution
		{BEB33308-6E15-41F7-ACC8-86BB786E2E56}.Debug|Any CPU.ActiveCfg = Debug|Any CPU
		{BEB33308-6E15-41F7-ACC8-86BB786E2E56}.Debug|Any CPU.Build.0 = Debug|Any CPU
		{BEB33308-6E15-41F7-ACC8-86BB786E2E56}.Debug|x64.ActiveCfg = Debug|Any CPU
		{BEB33308-6E15-41F7-ACC8-86BB786E2E56}.Debug|x64.Build.0 = Debug|Any CPU
		{BEB33308-6E15-41F7-ACC8-86BB786E2E56}.Release|Any CPU.ActiveCfg = Release|Any CPU
		{BEB33308-6E15-41F7-ACC8-86BB786E2E56}.Release|Any CPU.Build.0 = Release|Any CPU
		{BEB33308-6E15-41F7-ACC8-86BB786E2E56}.Release|x64.ActiveCfg = Release|Any CPU
		{BEB33308-6E15-41F7-ACC8-86BB786E2E56}.Release|x64.Build.0 = Release|Any CPU
		{933935A7-8D04-42E8-AEE5-122B3AEED820}.Debug|Any CPU.ActiveCfg = Debug|Any CPU
		{933935A7-8D04-42E8-AEE5-122B3AEED820}.Debug|Any CPU.Build.0 = Debug|Any CPU
		{933935A7-8D04-42E8-AEE5-122B3AEED820}.Debug|x64.ActiveCfg = Debug|x64
		{933935A7-8D04-42E8-AEE5-122B3AEED820}.Debug|x64.Build.0 = Debug|x64
		{933935A7-8D04-42E8-AEE5-122B3AEED820}.Release|Any CPU.ActiveCfg = Release|Any CPU
		{933935A7-8D04-42E8-AEE5-122B3AEED820}.Release|Any CPU.Build.0 = Release|Any CPU
		{933935A7-8D04-42E8-AEE5-122B3AEED820}.Release|x64.ActiveCfg = Release|x64
		{933935A7-8D04-42E8-AEE5-122B3AEED820}.Release|x64.Build.0 = Release|x64
	EndGlobalSection
	GlobalSection(SolutionProperties) = preSolution
		HideSolutionNode = FALSE
	EndGlobalSection
	GlobalSection(ExtensibilityGlobals) = postSolution
		SolutionGuid = {D891D6DF-EE64-48EE-9EFD-EB78412638E3}
	EndGlobalSection
EndGlobal
