
Microsoft Visual Studio Solution File, Format Version 12.00
# Visual Studio Version 16
VisualStudioVersion = 16.0.29215.179
MinimumVisualStudioVersion = 10.0.40219.1
Project("{9A19103F-16F7-4668-BE54-9A1E7A4F7556}") = "XIVLauncher", "XIVLauncher\XIVLauncher.csproj", "{BEB33308-6E15-41F7-ACC8-86BB786E2E56}"
EndProject
Project("{9A19103F-16F7-4668-BE54-9A1E7A4F7556}") = "XIVLauncher.PatchInstaller", "XIVLauncher.PatchInstaller\XIVLauncher.PatchInstaller.csproj", "{395CDFAB-48F8-4EC5-833D-05F5795A157D}"
EndProject
Global
	GlobalSection(SolutionConfigurationPlatforms) = preSolution
		Debug|Any CPU = Debug|Any CPU
		Release|Any CPU = Release|Any CPU
		ReleaseNoUpdate|Any CPU = ReleaseNoUpdate|Any CPU
	EndGlobalSection
	GlobalSection(ProjectConfigurationPlatforms) = postSolution
		{BEB33308-6E15-41F7-ACC8-86BB786E2E56}.Debug|Any CPU.ActiveCfg = Debug|Any CPU
		{BEB33308-6E15-41F7-ACC8-86BB786E2E56}.Debug|Any CPU.Build.0 = Debug|Any CPU
		{BEB33308-6E15-41F7-ACC8-86BB786E2E56}.Release|Any CPU.ActiveCfg = Release|Any CPU
		{BEB33308-6E15-41F7-ACC8-86BB786E2E56}.Release|Any CPU.Build.0 = Release|Any CPU
		{BEB33308-6E15-41F7-ACC8-86BB786E2E56}.ReleaseNoUpdate|Any CPU.ActiveCfg = ReleaseNoUpdate|Any CPU
		{BEB33308-6E15-41F7-ACC8-86BB786E2E56}.ReleaseNoUpdate|Any CPU.Build.0 = ReleaseNoUpdate|Any CPU
		{395CDFAB-48F8-4EC5-833D-05F5795A157D}.Debug|Any CPU.ActiveCfg = Debug|Any CPU
		{395CDFAB-48F8-4EC5-833D-05F5795A157D}.Debug|Any CPU.Build.0 = Debug|Any CPU
		{395CDFAB-48F8-4EC5-833D-05F5795A157D}.Release|Any CPU.ActiveCfg = Release|Any CPU
		{395CDFAB-48F8-4EC5-833D-05F5795A157D}.Release|Any CPU.Build.0 = Release|Any CPU
		{395CDFAB-48F8-4EC5-833D-05F5795A157D}.ReleaseNoUpdate|Any CPU.ActiveCfg = Release|Any CPU
		{395CDFAB-48F8-4EC5-833D-05F5795A157D}.ReleaseNoUpdate|Any CPU.Build.0 = Release|Any CPU
	EndGlobalSection
	GlobalSection(SolutionProperties) = preSolution
		HideSolutionNode = FALSE
	EndGlobalSection
	GlobalSection(ExtensibilityGlobals) = postSolution
		SolutionGuid = {D891D6DF-EE64-48EE-9EFD-EB78412638E3}
	EndGlobalSection
EndGlobal
