
Microsoft Visual Studio Solution File, Format Version 12.00
# Visual Studio Version 16
VisualStudioVersion = 16.0.29215.179
MinimumVisualStudioVersion = 10.0.40219.1
Project("{FAE04EC0-301F-11D3-BF4B-00C04F79EFBC}") = "XIVLauncher", "XIVLauncher\XIVLauncher.csproj", "{BEB33308-6E15-41F7-ACC8-86BB786E2E56}"
EndProject
Project("{FAE04EC0-301F-11D3-BF4B-00C04F79EFBC}") = "XIVLauncher.PatchInstaller", "XIVLauncher.PatchInstaller\XIVLauncher.PatchInstaller.csproj", "{395CDFAB-48F8-4EC5-833D-05F5795A157D}"
EndProject
Project("{FAE04EC0-301F-11D3-BF4B-00C04F79EFBC}") = "XIVLauncher.Common", "XIVLauncher.Common\XIVLauncher.Common.csproj", "{24916430-532C-4D4D-93FF-861076E8F63C}"
EndProject
Project("{2150E333-8FDC-42A3-9474-1A3956D46DE8}") = "Solution Items", "Solution Items", "{10DF8F12-50FD-45D8-8A38-17BA764BF54D}"
	ProjectSection(SolutionItems) = preProject
		Directory.Build.props = Directory.Build.props
		XIVLauncher.sln.DotSettings = XIVLauncher.sln.DotSettings
		CodeAnalysis\xl.ruleset = CodeAnalysis\xl.ruleset
	EndProjectSection
EndProject
Project("{FAE04EC0-301F-11D3-BF4B-00C04F79EFBC}") = "XIVLauncher.Common.Tests", "XIVLauncher.Common.Tests\XIVLauncher.Common.Tests.csproj", "{FE0EAE21-4812-4565-8766-856AE9F9E99B}"
EndProject
Project("{FAE04EC0-301F-11D3-BF4B-00C04F79EFBC}") = "XIVLauncher.Common.Windows", "XIVLauncher.Common.Windows\XIVLauncher.Common.Windows.csproj", "{4BD8A159-1B5E-41ED-A215-75B9871BA929}"
EndProject
Project("{FAE04EC0-301F-11D3-BF4B-00C04F79EFBC}") = "XIVLauncher.Common.Unix", "XIVLauncher.Common.Unix\XIVLauncher.Common.Unix.csproj", "{08CE4E78-7C47-43D6-98CB-68655DEAF66A}"
EndProject
Global
	GlobalSection(SolutionConfigurationPlatforms) = preSolution
		Debug|Any CPU = Debug|Any CPU
		Release|Any CPU = Release|Any CPU
		ReleaseNoUpdate|Any CPU = ReleaseNoUpdate|Any CPU
	EndGlobalSection
	GlobalSection(ProjectConfigurationPlatforms) = postSolution
		{BEB33308-6E15-41F7-ACC8-86BB786E2E56}.Debug|Any CPU.ActiveCfg = Debug|Any CPU
		{BEB33308-6E15-41F7-ACC8-86BB786E2E56}.Debug|Any CPU.Build.0 = Debug|Any CPU
		{BEB33308-6E15-41F7-ACC8-86BB786E2E56}.Release|Any CPU.ActiveCfg = Release|Any CPU
		{BEB33308-6E15-41F7-ACC8-86BB786E2E56}.Release|Any CPU.Build.0 = Release|Any CPU
		{BEB33308-6E15-41F7-ACC8-86BB786E2E56}.ReleaseNoUpdate|Any CPU.ActiveCfg = ReleaseNoUpdate|Any CPU
		{BEB33308-6E15-41F7-ACC8-86BB786E2E56}.ReleaseNoUpdate|Any CPU.Build.0 = ReleaseNoUpdate|Any CPU
		{395CDFAB-48F8-4EC5-833D-05F5795A157D}.Debug|Any CPU.ActiveCfg = Debug|Any CPU
		{395CDFAB-48F8-4EC5-833D-05F5795A157D}.Debug|Any CPU.Build.0 = Debug|Any CPU
		{395CDFAB-48F8-4EC5-833D-05F5795A157D}.Release|Any CPU.ActiveCfg = Release|Any CPU
		{395CDFAB-48F8-4EC5-833D-05F5795A157D}.Release|Any CPU.Build.0 = Release|Any CPU
		{395CDFAB-48F8-4EC5-833D-05F5795A157D}.ReleaseNoUpdate|Any CPU.ActiveCfg = Release|Any CPU
		{395CDFAB-48F8-4EC5-833D-05F5795A157D}.ReleaseNoUpdate|Any CPU.Build.0 = Release|Any CPU
		{24916430-532C-4D4D-93FF-861076E8F63C}.Debug|Any CPU.ActiveCfg = Debug|Any CPU
		{24916430-532C-4D4D-93FF-861076E8F63C}.Debug|Any CPU.Build.0 = Debug|Any CPU
		{24916430-532C-4D4D-93FF-861076E8F63C}.Release|Any CPU.ActiveCfg = Release|Any CPU
		{24916430-532C-4D4D-93FF-861076E8F63C}.Release|Any CPU.Build.0 = Release|Any CPU
		{24916430-532C-4D4D-93FF-861076E8F63C}.ReleaseNoUpdate|Any CPU.ActiveCfg = Debug|Any CPU
		{24916430-532C-4D4D-93FF-861076E8F63C}.ReleaseNoUpdate|Any CPU.Build.0 = Debug|Any CPU
		{FE0EAE21-4812-4565-8766-856AE9F9E99B}.Debug|Any CPU.ActiveCfg = Debug|Any CPU
		{FE0EAE21-4812-4565-8766-856AE9F9E99B}.Debug|Any CPU.Build.0 = Debug|Any CPU
		{FE0EAE21-4812-4565-8766-856AE9F9E99B}.Release|Any CPU.ActiveCfg = Release|Any CPU
		{FE0EAE21-4812-4565-8766-856AE9F9E99B}.Release|Any CPU.Build.0 = Release|Any CPU
		{FE0EAE21-4812-4565-8766-856AE9F9E99B}.ReleaseNoUpdate|Any CPU.ActiveCfg = Debug|Any CPU
		{FE0EAE21-4812-4565-8766-856AE9F9E99B}.ReleaseNoUpdate|Any CPU.Build.0 = Debug|Any CPU
		{4BD8A159-1B5E-41ED-A215-75B9871BA929}.Debug|Any CPU.ActiveCfg = Debug|Any CPU
		{4BD8A159-1B5E-41ED-A215-75B9871BA929}.Debug|Any CPU.Build.0 = Debug|Any CPU
		{4BD8A159-1B5E-41ED-A215-75B9871BA929}.Release|Any CPU.ActiveCfg = Release|Any CPU
		{4BD8A159-1B5E-41ED-A215-75B9871BA929}.Release|Any CPU.Build.0 = Release|Any CPU
		{4BD8A159-1B5E-41ED-A215-75B9871BA929}.ReleaseNoUpdate|Any CPU.ActiveCfg = Debug|Any CPU
		{4BD8A159-1B5E-41ED-A215-75B9871BA929}.ReleaseNoUpdate|Any CPU.Build.0 = Debug|Any CPU
		{08CE4E78-7C47-43D6-98CB-68655DEAF66A}.Debug|Any CPU.ActiveCfg = Debug|Any CPU
		{08CE4E78-7C47-43D6-98CB-68655DEAF66A}.Debug|Any CPU.Build.0 = Debug|Any CPU
		{08CE4E78-7C47-43D6-98CB-68655DEAF66A}.Release|Any CPU.ActiveCfg = Release|Any CPU
		{08CE4E78-7C47-43D6-98CB-68655DEAF66A}.Release|Any CPU.Build.0 = Release|Any CPU
		{08CE4E78-7C47-43D6-98CB-68655DEAF66A}.ReleaseNoUpdate|Any CPU.ActiveCfg = Debug|Any CPU
		{08CE4E78-7C47-43D6-98CB-68655DEAF66A}.ReleaseNoUpdate|Any CPU.Build.0 = Debug|Any CPU
	EndGlobalSection
	GlobalSection(SolutionProperties) = preSolution
		HideSolutionNode = FALSE
	EndGlobalSection
	GlobalSection(ExtensibilityGlobals) = postSolution
		SolutionGuid = {D891D6DF-EE64-48EE-9EFD-EB78412638E3}
	EndGlobalSection
EndGlobal
