
Microsoft Visual Studio Solution File, Format Version 12.00
# Visual Studio Version 16
VisualStudioVersion = 16.0.29215.179
MinimumVisualStudioVersion = 10.0.40219.1
Project("{FAE04EC0-301F-11D3-BF4B-00C04F79EFBC}") = "XIVLauncher", "XIVLauncher\XIVLauncher.csproj", "{BEB33308-6E15-41F7-ACC8-86BB786E2E56}"
EndProject
Project("{FAE04EC0-301F-11D3-BF4B-00C04F79EFBC}") = "XIVLauncher.PatchInstaller", "XIVLauncher.PatchInstaller\XIVLauncher.PatchInstaller.csproj", "{395CDFAB-48F8-4EC5-833D-05F5795A157D}"
EndProject
Project("{FAE04EC0-301F-11D3-BF4B-00C04F79EFBC}") = "XIVLauncher.Tests", "XIVLauncher.Tests\XIVLauncher.Tests.csproj", "{6B17C1CE-68F5-44EE-98D2-28D9DAA36BE1}"
EndProject
Project("{FAE04EC0-301F-11D3-BF4B-00C04F79EFBC}") = "XIVLauncher.Common", "XIVLauncher.Common\XIVLauncher.Common.csproj", "{24916430-532C-4D4D-93FF-861076E8F63C}"
EndProject
Global
	GlobalSection(SolutionConfigurationPlatforms) = preSolution
		Debug|Any CPU = Debug|Any CPU
		Release|Any CPU = Release|Any CPU
		ReleaseNoUpdate|Any CPU = ReleaseNoUpdate|Any CPU
	EndGlobalSection
	GlobalSection(ProjectConfigurationPlatforms) = postSolution
		{BEB33308-6E15-41F7-ACC8-86BB786E2E56}.Debug|Any CPU.ActiveCfg = Debug|Any CPU
		{BEB33308-6E15-41F7-ACC8-86BB786E2E56}.Debug|Any CPU.Build.0 = Debug|Any CPU
		{BEB33308-6E15-41F7-ACC8-86BB786E2E56}.Release|Any CPU.ActiveCfg = Release|Any CPU
		{BEB33308-6E15-41F7-ACC8-86BB786E2E56}.Release|Any CPU.Build.0 = Release|Any CPU
		{BEB33308-6E15-41F7-ACC8-86BB786E2E56}.ReleaseNoUpdate|Any CPU.ActiveCfg = ReleaseNoUpdate|Any CPU
		{BEB33308-6E15-41F7-ACC8-86BB786E2E56}.ReleaseNoUpdate|Any CPU.Build.0 = ReleaseNoUpdate|Any CPU
		{395CDFAB-48F8-4EC5-833D-05F5795A157D}.Debug|Any CPU.ActiveCfg = Debug|Any CPU
		{395CDFAB-48F8-4EC5-833D-05F5795A157D}.Debug|Any CPU.Build.0 = Debug|Any CPU
		{395CDFAB-48F8-4EC5-833D-05F5795A157D}.Release|Any CPU.ActiveCfg = Release|Any CPU
		{395CDFAB-48F8-4EC5-833D-05F5795A157D}.Release|Any CPU.Build.0 = Release|Any CPU
		{395CDFAB-48F8-4EC5-833D-05F5795A157D}.ReleaseNoUpdate|Any CPU.ActiveCfg = Release|Any CPU
		{395CDFAB-48F8-4EC5-833D-05F5795A157D}.ReleaseNoUpdate|Any CPU.Build.0 = Release|Any CPU
		{6B17C1CE-68F5-44EE-98D2-28D9DAA36BE1}.Debug|Any CPU.ActiveCfg = Debug|Any CPU
		{6B17C1CE-68F5-44EE-98D2-28D9DAA36BE1}.Debug|Any CPU.Build.0 = Debug|Any CPU
		{6B17C1CE-68F5-44EE-98D2-28D9DAA36BE1}.Release|Any CPU.ActiveCfg = Release|Any CPU
		{6B17C1CE-68F5-44EE-98D2-28D9DAA36BE1}.Release|Any CPU.Build.0 = Release|Any CPU
		{6B17C1CE-68F5-44EE-98D2-28D9DAA36BE1}.ReleaseNoUpdate|Any CPU.ActiveCfg = Release|Any CPU
		{6B17C1CE-68F5-44EE-98D2-28D9DAA36BE1}.ReleaseNoUpdate|Any CPU.Build.0 = Release|Any CPU
		{24916430-532C-4D4D-93FF-861076E8F63C}.Debug|Any CPU.ActiveCfg = Debug|Any CPU
		{24916430-532C-4D4D-93FF-861076E8F63C}.Debug|Any CPU.Build.0 = Debug|Any CPU
		{24916430-532C-4D4D-93FF-861076E8F63C}.Release|Any CPU.ActiveCfg = Release|Any CPU
		{24916430-532C-4D4D-93FF-861076E8F63C}.Release|Any CPU.Build.0 = Release|Any CPU
		{24916430-532C-4D4D-93FF-861076E8F63C}.ReleaseNoUpdate|Any CPU.ActiveCfg = Debug|Any CPU
		{24916430-532C-4D4D-93FF-861076E8F63C}.ReleaseNoUpdate|Any CPU.Build.0 = Debug|Any CPU
	EndGlobalSection
	GlobalSection(SolutionProperties) = preSolution
		HideSolutionNode = FALSE
	EndGlobalSection
	GlobalSection(ExtensibilityGlobals) = postSolution
		SolutionGuid = {D891D6DF-EE64-48EE-9EFD-EB78412638E3}
	EndGlobalSection
EndGlobal
